// !$*UTF8*$!
{
	archiveVersion = 1;
	classes = {
	};
	objectVersion = 46;
	objects = {

/* Begin PBXBuildFile section */
		B86798761A231B7300CDEB85 /* main.m in Sources */ = {isa = PBXBuildFile; fileRef = B86798751A231B7300CDEB85 /* main.m */; };
		B86798791A231B7300CDEB85 /* AppDelegate.m in Sources */ = {isa = PBXBuildFile; fileRef = B86798781A231B7300CDEB85 /* AppDelegate.m */; };
		B867987C1A231B7300CDEB85 /* ViewController.m in Sources */ = {isa = PBXBuildFile; fileRef = B867987B1A231B7300CDEB85 /* ViewController.m */; };
		B867987F1A231B7300CDEB85 /* Main.storyboard in Resources */ = {isa = PBXBuildFile; fileRef = B867987D1A231B7300CDEB85 /* Main.storyboard */; };
		B86798811A231B7300CDEB85 /* Images.xcassets in Resources */ = {isa = PBXBuildFile; fileRef = B86798801A231B7300CDEB85 /* Images.xcassets */; };
		B86798841A231B7300CDEB85 /* LaunchScreen.xib in Resources */ = {isa = PBXBuildFile; fileRef = B86798821A231B7300CDEB85 /* LaunchScreen.xib */; };
		B86798901A231B7300CDEB85 /* PageWatchTests.m in Sources */ = {isa = PBXBuildFile; fileRef = B867988F1A231B7300CDEB85 /* PageWatchTests.m */; };
/* End PBXBuildFile section */

/* Begin PBXContainerItemProxy section */
		B867988A1A231B7300CDEB85 /* PBXContainerItemProxy */ = {
			isa = PBXContainerItemProxy;
			containerPortal = B86798681A231B7300CDEB85 /* Project object */;
			proxyType = 1;
			remoteGlobalIDString = B867986F1A231B7300CDEB85;
			remoteInfo = PageWatch;
		};
/* End PBXContainerItemProxy section */

/* Begin PBXFileReference section */
		B86798701A231B7300CDEB85 /* PageWatch.app */ = {isa = PBXFileReference; explicitFileType = wrapper.application; includeInIndex = 0; path = PageWatch.app; sourceTree = BUILT_PRODUCTS_DIR; };
		B86798741A231B7300CDEB85 /* Info.plist */ = {isa = PBXFileReference; lastKnownFileType = text.plist.xml; path = Info.plist; sourceTree = "<group>"; };
		B86798751A231B7300CDEB85 /* main.m */ = {isa = PBXFileReference; lastKnownFileType = sourcecode.c.objc; path = main.m; sourceTree = "<group>"; };
		B86798771A231B7300CDEB85 /* AppDelegate.h */ = {isa = PBXFileReference; lastKnownFileType = sourcecode.c.h; path = AppDelegate.h; sourceTree = "<group>"; };
		B86798781A231B7300CDEB85 /* AppDelegate.m */ = {isa = PBXFileReference; lastKnownFileType = sourcecode.c.objc; path = AppDelegate.m; sourceTree = "<group>"; };
		B867987A1A231B7300CDEB85 /* ViewController.h */ = {isa = PBXFileReference; lastKnownFileType = sourcecode.c.h; path = ViewController.h; sourceTree = "<group>"; };
		B867987B1A231B7300CDEB85 /* ViewController.m */ = {isa = PBXFileReference; lastKnownFileType = sourcecode.c.objc; path = ViewController.m; sourceTree = "<group>"; };
		B867987E1A231B7300CDEB85 /* Base */ = {isa = PBXFileReference; lastKnownFileType = file.storyboard; name = Base; path = Base.lproj/Main.storyboard; sourceTree = "<group>"; };
		B86798801A231B7300CDEB85 /* Images.xcassets */ = {isa = PBXFileReference; lastKnownFileType = folder.assetcatalog; path = Images.xcassets; sourceTree = "<group>"; };
		B86798831A231B7300CDEB85 /* Base */ = {isa = PBXFileReference; lastKnownFileType = file.xib; name = Base; path = Base.lproj/LaunchScreen.xib; sourceTree = "<group>"; };
		B86798891A231B7300CDEB85 /* PageWatchTests.xctest */ = {isa = PBXFileReference; explicitFileType = wrapper.cfbundle; includeInIndex = 0; path = PageWatchTests.xctest; sourceTree = BUILT_PRODUCTS_DIR; };
		B867988E1A231B7300CDEB85 /* Info.plist */ = {isa = PBXFileReference; lastKnownFileType = text.plist.xml; path = Info.plist; sourceTree = "<group>"; };
		B867988F1A231B7300CDEB85 /* PageWatchTests.m */ = {isa = PBXFileReference; lastKnownFileType = sourcecode.c.objc; path = PageWatchTests.m; sourceTree = "<group>"; };
/* End PBXFileReference section */

/* Begin PBXFrameworksBuildPhase section */
		B867986D1A231B7300CDEB85 /* Frameworks */ = {
			isa = PBXFrameworksBuildPhase;
			buildActionMask = 2147483647;
			files = (
			);
			runOnlyForDeploymentPostprocessing = 0;
		};
		B86798861A231B7300CDEB85 /* Frameworks */ = {
			isa = PBXFrameworksBuildPhase;
			buildActionMask = 2147483647;
			files = (
			);
			runOnlyForDeploymentPostprocessing = 0;
		};
/* End PBXFrameworksBuildPhase section */

/* Begin PBXGroup section */
		B86798671A231B7300CDEB85 = {
			isa = PBXGroup;
			children = (
				B86798721A231B7300CDEB85 /* PageWatch */,
				B867988C1A231B7300CDEB85 /* PageWatchTests */,
				B86798711A231B7300CDEB85 /* Products */,
			);
			sourceTree = "<group>";
		};
		B86798711A231B7300CDEB85 /* Products */ = {
			isa = PBXGroup;
			children = (
				B86798701A231B7300CDEB85 /* PageWatch.app */,
				B86798891A231B7300CDEB85 /* PageWatchTests.xctest */,
			);
			name = Products;
			sourceTree = "<group>";
		};
		B86798721A231B7300CDEB85 /* PageWatch */ = {
			isa = PBXGroup;
			children = (
				B86798771A231B7300CDEB85 /* AppDelegate.h */,
				B86798781A231B7300CDEB85 /* AppDelegate.m */,
				B867987A1A231B7300CDEB85 /* ViewController.h */,
				B867987B1A231B7300CDEB85 /* ViewController.m */,
				B867987D1A231B7300CDEB85 /* Main.storyboard */,
				B86798801A231B7300CDEB85 /* Images.xcassets */,
				B86798821A231B7300CDEB85 /* LaunchScreen.xib */,
				B86798731A231B7300CDEB85 /* Supporting Files */,
			);
			path = PageWatch;
			sourceTree = "<group>";
		};
		B86798731A231B7300CDEB85 /* Supporting Files */ = {
			isa = PBXGroup;
			children = (
				B86798741A231B7300CDEB85 /* Info.plist */,
				B86798751A231B7300CDEB85 /* main.m */,
			);
			name = "Supporting Files";
			sourceTree = "<group>";
		};
		B867988C1A231B7300CDEB85 /* PageWatchTests */ = {
			isa = PBXGroup;
			children = (
				B867988F1A231B7300CDEB85 /* PageWatchTests.m */,
				B867988D1A231B7300CDEB85 /* Supporting Files */,
			);
			path = PageWatchTests;
			sourceTree = "<group>";
		};
		B867988D1A231B7300CDEB85 /* Supporting Files */ = {
			isa = PBXGroup;
			children = (
				B867988E1A231B7300CDEB85 /* Info.plist */,
			);
			name = "Supporting Files";
			sourceTree = "<group>";
		};
/* End PBXGroup section */

/* Begin PBXNativeTarget section */
		B867986F1A231B7300CDEB85 /* PageWatch */ = {
			isa = PBXNativeTarget;
			buildConfigurationList = B86798931A231B7300CDEB85 /* Build configuration list for PBXNativeTarget "PageWatch" */;
			buildPhases = (
				B867986C1A231B7300CDEB85 /* Sources */,
				B867986D1A231B7300CDEB85 /* Frameworks */,
				B867986E1A231B7300CDEB85 /* Resources */,
			);
			buildRules = (
			);
			dependencies = (
			);
			name = PageWatch;
			productName = PageWatch;
			productReference = B86798701A231B7300CDEB85 /* PageWatch.app */;
			productType = "com.apple.product-type.application";
		};
		B86798881A231B7300CDEB85 /* PageWatchTests */ = {
			isa = PBXNativeTarget;
			buildConfigurationList = B86798961A231B7300CDEB85 /* Build configuration list for PBXNativeTarget "PageWatchTests" */;
			buildPhases = (
				B86798851A231B7300CDEB85 /* Sources */,
				B86798861A231B7300CDEB85 /* Frameworks */,
				B86798871A231B7300CDEB85 /* Resources */,
			);
			buildRules = (
			);
			dependencies = (
				B867988B1A231B7300CDEB85 /* PBXTargetDependency */,
			);
			name = PageWatchTests;
			productName = PageWatchTests;
			productReference = B86798891A231B7300CDEB85 /* PageWatchTests.xctest */;
			productType = "com.apple.product-type.bundle.unit-test";
		};
/* End PBXNativeTarget section */

/* Begin PBXProject section */
		B86798681A231B7300CDEB85 /* Project object */ = {
			isa = PBXProject;
			attributes = {
				LastUpgradeCheck = 0610;
				ORGANIZATIONNAME = peng;
				TargetAttributes = {
					B867986F1A231B7300CDEB85 = {
						CreatedOnToolsVersion = 6.1;
					};
					B86798881A231B7300CDEB85 = {
						CreatedOnToolsVersion = 6.1;
						TestTargetID = B867986F1A231B7300CDEB85;
					};
				};
			};
			buildConfigurationList = B867986B1A231B7300CDEB85 /* Build configuration list for PBXProject "PageWatch" */;
			compatibilityVersion = "Xcode 3.2";
			developmentRegion = English;
			hasScannedForEncodings = 0;
			knownRegions = (
				en,
				Base,
			);
			mainGroup = B86798671A231B7300CDEB85;
			productRefGroup = B86798711A231B7300CDEB85 /* Products */;
			projectDirPath = "";
			projectRoot = "";
			targets = (
				B867986F1A231B7300CDEB85 /* PageWatch */,
				B86798881A231B7300CDEB85 /* PageWatchTests */,
			);
		};
/* End PBXProject section */

/* Begin PBXResourcesBuildPhase section */
		B867986E1A231B7300CDEB85 /* Resources */ = {
			isa = PBXResourcesBuildPhase;
			buildActionMask = 2147483647;
			files = (
				B867987F1A231B7300CDEB85 /* Main.storyboard in Resources */,
				B86798841A231B7300CDEB85 /* LaunchScreen.xib in Resources */,
				B86798811A231B7300CDEB85 /* Images.xcassets in Resources */,
			);
			runOnlyForDeploymentPostprocessing = 0;
		};
		B86798871A231B7300CDEB85 /* Resources */ = {
			isa = PBXResourcesBuildPhase;
			buildActionMask = 2147483647;
			files = (
			);
			runOnlyForDeploymentPostprocessing = 0;
		};
/* End PBXResourcesBuildPhase section */

/* Begin PBXSourcesBuildPhase section */
		B867986C1A231B7300CDEB85 /* Sources */ = {
			isa = PBXSourcesBuildPhase;
			buildActionMask = 2147483647;
			files = (
				B867987C1A231B7300CDEB85 /* ViewController.m in Sources */,
				B86798791A231B7300CDEB85 /* AppDelegate.m in Sources */,
				B86798761A231B7300CDEB85 /* main.m in Sources */,
			);
			runOnlyForDeploymentPostprocessing = 0;
		};
		B86798851A231B7300CDEB85 /* Sources */ = {
			isa = PBXSourcesBuildPhase;
			buildActionMask = 2147483647;
			files = (
				B86798901A231B7300CDEB85 /* PageWatchTests.m in Sources */,
			);
			runOnlyForDeploymentPostprocessing = 0;
		};
/* End PBXSourcesBuildPhase section */

/* Begin PBXTargetDependency section */
		B867988B1A231B7300CDEB85 /* PBXTargetDependency */ = {
			isa = PBXTargetDependency;
			target = B867986F1A231B7300CDEB85 /* PageWatch */;
			targetProxy = B867988A1A231B7300CDEB85 /* PBXContainerItemProxy */;
		};
/* End PBXTargetDependency section */

/* Begin PBXVariantGroup section */
		B867987D1A231B7300CDEB85 /* Main.storyboard */ = {
			isa = PBXVariantGroup;
			children = (
				B867987E1A231B7300CDEB85 /* Base */,
			);
			name = Main.storyboard;
			sourceTree = "<group>";
		};
		B86798821A231B7300CDEB85 /* LaunchScreen.xib */ = {
			isa = PBXVariantGroup;
			children = (
				B86798831A231B7300CDEB85 /* Base */,
			);
			name = LaunchScreen.xib;
			sourceTree = "<group>";
		};
/* End PBXVariantGroup section */

/* Begin XCBuildConfiguration section */
		B86798911A231B7300CDEB85 /* Debug */ = {
			isa = XCBuildConfiguration;
			buildSettings = {
				ALWAYS_SEARCH_USER_PATHS = NO;
				CLANG_CXX_LANGUAGE_STANDARD = "gnu++0x";
				CLANG_CXX_LIBRARY = "libc++";
				CLANG_ENABLE_MODULES = YES;
				CLANG_ENABLE_OBJC_ARC = YES;
				CLANG_WARN_BOOL_CONVERSION = YES;
				CLANG_WARN_CONSTANT_CONVERSION = YES;
				CLANG_WARN_DIRECT_OBJC_ISA_USAGE = YES_ERROR;
				CLANG_WARN_EMPTY_BODY = YES;
				CLANG_WARN_ENUM_CONVERSION = YES;
				CLANG_WARN_INT_CONVERSION = YES;
				CLANG_WARN_OBJC_ROOT_CLASS = YES_ERROR;
				CLANG_WARN_UNREACHABLE_CODE = YES;
				CLANG_WARN__DUPLICATE_METHOD_MATCH = YES;
				"CODE_SIGN_IDENTITY[sdk=iphoneos*]" = "iPhone Developer";
				COPY_PHASE_STRIP = NO;
				ENABLE_STRICT_OBJC_MSGSEND = YES;
				GCC_C_LANGUAGE_STANDARD = gnu99;
				GCC_DYNAMIC_NO_PIC = NO;
				GCC_OPTIMIZATION_LEVEL = 0;
				GCC_PREPROCESSOR_DEFINITIONS = (
					"DEBUG=1",
					"$(inherited)",
				);
				GCC_SYMBOLS_PRIVATE_EXTERN = NO;
				GCC_WARN_64_TO_32_BIT_CONVERSION = YES;
				GCC_WARN_ABOUT_RETURN_TYPE = YES_ERROR;
				GCC_WARN_UNDECLARED_SELECTOR = YES;
				GCC_WARN_UNINITIALIZED_AUTOS = YES_AGGRESSIVE;
				GCC_WARN_UNUSED_FUNCTION = YES;
				GCC_WARN_UNUSED_VARIABLE = YES;
				IPHONEOS_DEPLOYMENT_TARGET = 8.1;
				MTL_ENABLE_DEBUG_INFO = YES;
				ONLY_ACTIVE_ARCH = YES;
				SDKROOT = iphoneos;
			};
			name = Debug;
		};
		B86798921A231B7300CDEB85 /* Release */ = {
			isa = XCBuildConfiguration;
			buildSettings = {
				ALWAYS_SEARCH_USER_PATHS = NO;
				CLANG_CXX_LANGUAGE_STANDARD = "gnu++0x";
				CLANG_CXX_LIBRARY = "libc++";
				CLANG_ENABLE_MODULES = YES;
				CLANG_ENABLE_OBJC_ARC = YES;
				CLANG_WARN_BOOL_CONVERSION = YES;
				CLANG_WARN_CONSTANT_CONVERSION = YES;
				CLANG_WARN_DIRECT_OBJC_ISA_USAGE = YES_ERROR;
				CLANG_WARN_EMPTY_BODY = YES;
				CLANG_WARN_ENUM_CONVERSION = YES;
				CLANG_WARN_INT_CONVERSION = YES;
				CLANG_WARN_OBJC_ROOT_CLASS = YES_ERROR;
				CLANG_WARN_UNREACHABLE_CODE = YES;
				CLANG_WARN__DUPLICATE_METHOD_MATCH = YES;
				"CODE_SIGN_IDENTITY[sdk=iphoneos*]" = "iPhone Developer";
				COPY_PHASE_STRIP = YES;
				ENABLE_NS_ASSERTIONS = NO;
				ENABLE_STRICT_OBJC_MSGSEND = YES;
				GCC_C_LANGUAGE_STANDARD = gnu99;
				GCC_WARN_64_TO_32_BIT_CONVERSION = YES;
				GCC_WARN_ABOUT_RETURN_TYPE = YES_ERROR;
				GCC_WARN_UNDECLARED_SELECTOR = YES;
				GCC_WARN_UNINITIALIZED_AUTOS = YES_AGGRESSIVE;
				GCC_WARN_UNUSED_FUNCTION = YES;
				GCC_WARN_UNUSED_VARIABLE = YES;
				IPHONEOS_DEPLOYMENT_TARGET = 8.1;
				MTL_ENABLE_DEBUG_INFO = NO;
				SDKROOT = iphoneos;
				VALIDATE_PRODUCT = YES;
			};
			name = Release;
		};
		B86798941A231B7300CDEB85 /* Debug */ = {
			isa = XCBuildConfiguration;
			buildSettings = {
				ASSETCATALOG_COMPILER_APPICON_NAME = AppIcon;
				INFOPLIST_FILE = PageWatch/Info.plist;
				LD_RUNPATH_SEARCH_PATHS = "$(inherited) @executable_path/Frameworks";
				PRODUCT_NAME = "$(TARGET_NAME)";
			};
			name = Debug;
		};
		B86798951A231B7300CDEB85 /* Release */ = {
			isa = XCBuildConfiguration;
			buildSettings = {
				ASSETCATALOG_COMPILER_APPICON_NAME = AppIcon;
				INFOPLIST_FILE = PageWatch/Info.plist;
				LD_RUNPATH_SEARCH_PATHS = "$(inherited) @executable_path/Frameworks";
				PRODUCT_NAME = "$(TARGET_NAME)";
			};
			name = Release;
		};
		B86798971A231B7300CDEB85 /* Debug */ = {
			isa = XCBuildConfiguration;
			buildSettings = {
				BUNDLE_LOADER = "$(TEST_HOST)";
				FRAMEWORK_SEARCH_PATHS = (
					"$(SDKROOT)/Developer/Library/Frameworks",
					"$(inherited)",
				);
				GCC_PREPROCESSOR_DEFINITIONS = (
					"DEBUG=1",
					"$(inherited)",
				);
				INFOPLIST_FILE = PageWatchTests/Info.plist;
				LD_RUNPATH_SEARCH_PATHS = "$(inherited) @executable_path/Frameworks @loader_path/Frameworks";
				PRODUCT_NAME = "$(TARGET_NAME)";
				TEST_HOST = "$(BUILT_PRODUCTS_DIR)/PageWatch.app/PageWatch";
			};
			name = Debug;
		};
		B86798981A231B7300CDEB85 /* Release */ = {
			isa = XCBuildConfiguration;
			buildSettings = {
				BUNDLE_LOADER = "$(TEST_HOST)";
				FRAMEWORK_SEARCH_PATHS = (
					"$(SDKROOT)/Developer/Library/Frameworks",
					"$(inherited)",
				);
				INFOPLIST_FILE = PageWatchTests/Info.plist;
				LD_RUNPATH_SEARCH_PATHS = "$(inherited) @executable_path/Frameworks @loader_path/Frameworks";
				PRODUCT_NAME = "$(TARGET_NAME)";
				TEST_HOST = "$(BUILT_PRODUCTS_DIR)/PageWatch.app/PageWatch";
			};
			name = Release;
		};
/* End XCBuildConfiguration section */

/* Begin XCConfigurationList section */
		B867986B1A231B7300CDEB85 /* Build configuration list for PBXProject "PageWatch" */ = {
			isa = XCConfigurationList;
			buildConfigurations = (
				B86798911A231B7300CDEB85 /* Debug */,
				B86798921A231B7300CDEB85 /* Release */,
			);
			defaultConfigurationIsVisible = 0;
			defaultConfigurationName = Release;
		};
		B86798931A231B7300CDEB85 /* Build configuration list for PBXNativeTarget "PageWatch" */ = {
			isa = XCConfigurationList;
			buildConfigurations = (
				B86798941A231B7300CDEB85 /* Debug */,
				B86798951A231B7300CDEB85 /* Release */,
			);
			defaultConfigurationIsVisible = 0;
		};
		B86798961A231B7300CDEB85 /* Build configuration list for PBXNativeTarget "PageWatchTests" */ = {
			isa = XCConfigurationList;
			buildConfigurations = (
				B86798971A231B7300CDEB85 /* Debug */,
				B86798981A231B7300CDEB85 /* Release */,
			);
			defaultConfigurationIsVisible = 0;
		};
/* End XCConfigurationList section */
	};
	rootObject = B86798681A231B7300CDEB85 /* Project object */;
}
